
Microsoft Visual Studio Solution File, Format Version 12.00
# Visual Studio Version 17
VisualStudioVersion = 17.10.35122.118
MinimumVisualStudioVersion = 10.0.40219.1
Project("{FAE04EC0-301F-11D3-BF4B-00C04F79EFBC}") = "nguyenminhtuan1", "nguyenminhtuan1\nguyenminhtuan1.csproj", "{ADCA015E-E6E3-438E-AC26-46D619B44CCA}"
EndProject
Global
	GlobalSection(SolutionConfigurationPlatforms) = preSolution
		Debug|Any CPU = Debug|Any CPU
		Release|Any CPU = Release|Any CPU
	EndGlobalSection
	GlobalSection(ProjectConfigurationPlatforms) = postSolution
		{ADCA015E-E6E3-438E-AC26-46D619B44CCA}.Debug|Any CPU.ActiveCfg = Debug|Any CPU
		{ADCA015E-E6E3-438E-AC26-46D619B44CCA}.Debug|Any CPU.Build.0 = Debug|Any CPU
		{ADCA015E-E6E3-438E-AC26-46D619B44CCA}.Release|Any CPU.ActiveCfg = Release|Any CPU
		{ADCA015E-E6E3-438E-AC26-46D619B44CCA}.Release|Any CPU.Build.0 = Release|Any CPU
	EndGlobalSection
	GlobalSection(SolutionProperties) = preSolution
		HideSolutionNode = FALSE
	EndGlobalSection
	GlobalSection(ExtensibilityGlobals) = postSolution
		SolutionGuid = {CFE63780-3724-42A0-8A2F-93626D1BF637}
	EndGlobalSection
EndGlobal
